
Microsoft Visual Studio Solution File, Format Version 12.00
# Visual Studio Version 17
VisualStudioVersion = 17.9.34622.214
MinimumVisualStudioVersion = 10.0.40219.1
Project("{FAE04EC0-301F-11D3-BF4B-00C04F79EFBC}") = "Italy Recipe Page", "Italy Recipe Page\Italy Recipe Page.csproj", "{81AF21B8-E969-4C36-BC98-E9BBD92BA309}"
EndProject
Global
	GlobalSection(SolutionConfigurationPlatforms) = preSolution
		Debug|Any CPU = Debug|Any CPU
		Release|Any CPU = Release|Any CPU
	EndGlobalSection
	GlobalSection(ProjectConfigurationPlatforms) = postSolution
		{81AF21B8-E969-4C36-BC98-E9BBD92BA309}.Debug|Any CPU.ActiveCfg = Debug|Any CPU
		{81AF21B8-E969-4C36-BC98-E9BBD92BA309}.Debug|Any CPU.Build.0 = Debug|Any CPU
		{81AF21B8-E969-4C36-BC98-E9BBD92BA309}.Release|Any CPU.ActiveCfg = Release|Any CPU
		{81AF21B8-E969-4C36-BC98-E9BBD92BA309}.Release|Any CPU.Build.0 = Release|Any CPU
	EndGlobalSection
	GlobalSection(SolutionProperties) = preSolution
		HideSolutionNode = FALSE
	EndGlobalSection
	GlobalSection(ExtensibilityGlobals) = postSolution
		SolutionGuid = {36BF098F-76B6-405C-BF09-941FD369A24E}
	EndGlobalSection
EndGlobal
